
Microsoft Visual Studio Solution File, Format Version 12.00
# Visual Studio Version 16
VisualStudioVersion = 16.0.28803.202
MinimumVisualStudioVersion = 10.0.40219.1
Project("{8BC9CEB8-8B4A-11D0-8D11-00A0C91BC942}") = "ad0097CS221_04_Prog2", "ad0097CS221_04_Prog2.vcxproj", "{B4FB08F0-9E78-4456-8B07-12C24D650A22}"
EndProject
Global
	GlobalSection(SolutionConfigurationPlatforms) = preSolution
		Debug|x64 = Debug|x64
		Debug|x86 = Debug|x86
		Release|x64 = Release|x64
		Release|x86 = Release|x86
	EndGlobalSection
	GlobalSection(ProjectConfigurationPlatforms) = postSolution
		{B4FB08F0-9E78-4456-8B07-12C24D650A22}.Debug|x64.ActiveCfg = Debug|x64
		{B4FB08F0-9E78-4456-8B07-12C24D650A22}.Debug|x64.Build.0 = Debug|x64
		{B4FB08F0-9E78-4456-8B07-12C24D650A22}.Debug|x86.ActiveCfg = Debug|Win32
		{B4FB08F0-9E78-4456-8B07-12C24D650A22}.Debug|x86.Build.0 = Debug|Win32
		{B4FB08F0-9E78-4456-8B07-12C24D650A22}.Release|x64.ActiveCfg = Release|x64
		{B4FB08F0-9E78-4456-8B07-12C24D650A22}.Release|x64.Build.0 = Release|x64
		{B4FB08F0-9E78-4456-8B07-12C24D650A22}.Release|x86.ActiveCfg = Release|Win32
		{B4FB08F0-9E78-4456-8B07-12C24D650A22}.Release|x86.Build.0 = Release|Win32
	EndGlobalSection
	GlobalSection(SolutionProperties) = preSolution
		HideSolutionNode = FALSE
	EndGlobalSection
	GlobalSection(ExtensibilityGlobals) = postSolution
		SolutionGuid = {1AC954B2-0E5C-4434-9847-F3ABB78C0DBC}
	EndGlobalSection
EndGlobal
